
Microsoft Visual Studio Solution File, Format Version 12.00
# Visual Studio Version 16
VisualStudioVersion = 16.0.30225.117
MinimumVisualStudioVersion = 10.0.40219.1
Project("{FAE04EC0-301F-11D3-BF4B-00C04F79EFBC}") = "Калькулятор", "ConsoleApp1\Калькулятор.csproj", "{3A14529C-A3E3-4460-8B60-4A4F575DE0F2}"
EndProject
Project("{FAE04EC0-301F-11D3-BF4B-00C04F79EFBC}") = "Среднее арифметическое", "ConsoleApp2\Среднее арифметическое.csproj", "{7BBD5770-69A7-48B2-8E3B-92D41EDCA5F8}"
EndProject
Project("{FAE04EC0-301F-11D3-BF4B-00C04F79EFBC}") = "Проверка на четность", "Проверка на четность\Проверка на четность.csproj", "{7ACBCF74-1F4F-43A6-B2EE-32B96F961F16}"
EndProject
Project("{FAE04EC0-301F-11D3-BF4B-00C04F79EFBC}") = "Количество (не)четных чисел в диапазоне", "Количество (не)четных чисел в диапазоне\Количество (не)четных чисел в диапазоне.csproj", "{90C7C122-3748-4979-9C60-CCDD95C44983}"
EndProject
Project("{FAE04EC0-301F-11D3-BF4B-00C04F79EFBC}") = "Треугольники (вложенные циклы)", "Треугольники (вложенные циклы)\Треугольники (вложенные циклы).csproj", "{85522F7C-5048-43CA-8843-56A498D86A67}"
EndProject
Project("{FAE04EC0-301F-11D3-BF4B-00C04F79EFBC}") = "Массивы 1", "Массивы 1\Массивы 1.csproj", "{02844C12-4455-41F4-9DA8-08D60D443AAA}"
EndProject
Project("{FAE04EC0-301F-11D3-BF4B-00C04F79EFBC}") = "Методы", "Методы\Методы.csproj", "{D9162A32-AB9C-4065-8B46-53583920E740}"
EndProject
Project("{FAE04EC0-301F-11D3-BF4B-00C04F79EFBC}") = "Методы 2", "Методы 2\Методы 2.csproj", "{D7DFA7C6-106D-4AF3-ABA7-6AA836B2C9A1}"
EndProject
Project("{FAE04EC0-301F-11D3-BF4B-00C04F79EFBC}") = "REF 1", "REF\REF 1.csproj", "{C558A257-1E5B-42A2-9BF7-9F3316DEC887}"
EndProject
Project("{FAE04EC0-301F-11D3-BF4B-00C04F79EFBC}") = "REF 2", "REF 2\REF 2.csproj", "{5E33FF8E-EA76-4071-A673-9FA7A3A510AB}"
EndProject
Project("{FAE04EC0-301F-11D3-BF4B-00C04F79EFBC}") = "REF3", "REF3\REF3.csproj", "{F19F62F9-1ABC-42E0-9E26-A34444D6484D}"
EndProject
Project("{FAE04EC0-301F-11D3-BF4B-00C04F79EFBC}") = "Рекурсия 1,2", "Рекурсия 2\Рекурсия 1,2.csproj", "{72B7FE27-CB24-43B0-929D-5D5F80CAE29D}"
EndProject
Project("{FAE04EC0-301F-11D3-BF4B-00C04F79EFBC}") = "Рекурсия 3", "Рекурсия 3\Рекурсия 3.csproj", "{7860ABA0-FCA4-4900-853E-4854AFF6DF2F}"
EndProject
Global
	GlobalSection(SolutionConfigurationPlatforms) = preSolution
		Debug|Any CPU = Debug|Any CPU
		Release|Any CPU = Release|Any CPU
	EndGlobalSection
	GlobalSection(ProjectConfigurationPlatforms) = postSolution
		{3A14529C-A3E3-4460-8B60-4A4F575DE0F2}.Debug|Any CPU.ActiveCfg = Debug|Any CPU
		{3A14529C-A3E3-4460-8B60-4A4F575DE0F2}.Debug|Any CPU.Build.0 = Debug|Any CPU
		{3A14529C-A3E3-4460-8B60-4A4F575DE0F2}.Release|Any CPU.ActiveCfg = Release|Any CPU
		{3A14529C-A3E3-4460-8B60-4A4F575DE0F2}.Release|Any CPU.Build.0 = Release|Any CPU
		{7BBD5770-69A7-48B2-8E3B-92D41EDCA5F8}.Debug|Any CPU.ActiveCfg = Debug|Any CPU
		{7BBD5770-69A7-48B2-8E3B-92D41EDCA5F8}.Debug|Any CPU.Build.0 = Debug|Any CPU
		{7BBD5770-69A7-48B2-8E3B-92D41EDCA5F8}.Release|Any CPU.ActiveCfg = Release|Any CPU
		{7BBD5770-69A7-48B2-8E3B-92D41EDCA5F8}.Release|Any CPU.Build.0 = Release|Any CPU
		{7ACBCF74-1F4F-43A6-B2EE-32B96F961F16}.Debug|Any CPU.ActiveCfg = Debug|Any CPU
		{7ACBCF74-1F4F-43A6-B2EE-32B96F961F16}.Debug|Any CPU.Build.0 = Debug|Any CPU
		{7ACBCF74-1F4F-43A6-B2EE-32B96F961F16}.Release|Any CPU.ActiveCfg = Release|Any CPU
		{7ACBCF74-1F4F-43A6-B2EE-32B96F961F16}.Release|Any CPU.Build.0 = Release|Any CPU
		{90C7C122-3748-4979-9C60-CCDD95C44983}.Debug|Any CPU.ActiveCfg = Debug|Any CPU
		{90C7C122-3748-4979-9C60-CCDD95C44983}.Debug|Any CPU.Build.0 = Debug|Any CPU
		{90C7C122-3748-4979-9C60-CCDD95C44983}.Release|Any CPU.ActiveCfg = Release|Any CPU
		{90C7C122-3748-4979-9C60-CCDD95C44983}.Release|Any CPU.Build.0 = Release|Any CPU
		{85522F7C-5048-43CA-8843-56A498D86A67}.Debug|Any CPU.ActiveCfg = Debug|Any CPU
		{85522F7C-5048-43CA-8843-56A498D86A67}.Debug|Any CPU.Build.0 = Debug|Any CPU
		{85522F7C-5048-43CA-8843-56A498D86A67}.Release|Any CPU.ActiveCfg = Release|Any CPU
		{85522F7C-5048-43CA-8843-56A498D86A67}.Release|Any CPU.Build.0 = Release|Any CPU
		{02844C12-4455-41F4-9DA8-08D60D443AAA}.Debug|Any CPU.ActiveCfg = Debug|Any CPU
		{02844C12-4455-41F4-9DA8-08D60D443AAA}.Debug|Any CPU.Build.0 = Debug|Any CPU
		{02844C12-4455-41F4-9DA8-08D60D443AAA}.Release|Any CPU.ActiveCfg = Release|Any CPU
		{02844C12-4455-41F4-9DA8-08D60D443AAA}.Release|Any CPU.Build.0 = Release|Any CPU
		{D9162A32-AB9C-4065-8B46-53583920E740}.Debug|Any CPU.ActiveCfg = Debug|Any CPU
		{D9162A32-AB9C-4065-8B46-53583920E740}.Debug|Any CPU.Build.0 = Debug|Any CPU
		{D9162A32-AB9C-4065-8B46-53583920E740}.Release|Any CPU.ActiveCfg = Release|Any CPU
		{D9162A32-AB9C-4065-8B46-53583920E740}.Release|Any CPU.Build.0 = Release|Any CPU
		{D7DFA7C6-106D-4AF3-ABA7-6AA836B2C9A1}.Debug|Any CPU.ActiveCfg = Debug|Any CPU
		{D7DFA7C6-106D-4AF3-ABA7-6AA836B2C9A1}.Debug|Any CPU.Build.0 = Debug|Any CPU
		{D7DFA7C6-106D-4AF3-ABA7-6AA836B2C9A1}.Release|Any CPU.ActiveCfg = Release|Any CPU
		{D7DFA7C6-106D-4AF3-ABA7-6AA836B2C9A1}.Release|Any CPU.Build.0 = Release|Any CPU
		{C558A257-1E5B-42A2-9BF7-9F3316DEC887}.Debug|Any CPU.ActiveCfg = Debug|Any CPU
		{C558A257-1E5B-42A2-9BF7-9F3316DEC887}.Debug|Any CPU.Build.0 = Debug|Any CPU
		{C558A257-1E5B-42A2-9BF7-9F3316DEC887}.Release|Any CPU.ActiveCfg = Release|Any CPU
		{C558A257-1E5B-42A2-9BF7-9F3316DEC887}.Release|Any CPU.Build.0 = Release|Any CPU
		{5E33FF8E-EA76-4071-A673-9FA7A3A510AB}.Debug|Any CPU.ActiveCfg = Debug|Any CPU
		{5E33FF8E-EA76-4071-A673-9FA7A3A510AB}.Debug|Any CPU.Build.0 = Debug|Any CPU
		{5E33FF8E-EA76-4071-A673-9FA7A3A510AB}.Release|Any CPU.ActiveCfg = Release|Any CPU
		{5E33FF8E-EA76-4071-A673-9FA7A3A510AB}.Release|Any CPU.Build.0 = Release|Any CPU
		{F19F62F9-1ABC-42E0-9E26-A34444D6484D}.Debug|Any CPU.ActiveCfg = Debug|Any CPU
		{F19F62F9-1ABC-42E0-9E26-A34444D6484D}.Debug|Any CPU.Build.0 = Debug|Any CPU
		{F19F62F9-1ABC-42E0-9E26-A34444D6484D}.Release|Any CPU.ActiveCfg = Release|Any CPU
		{F19F62F9-1ABC-42E0-9E26-A34444D6484D}.Release|Any CPU.Build.0 = Release|Any CPU
		{72B7FE27-CB24-43B0-929D-5D5F80CAE29D}.Debug|Any CPU.ActiveCfg = Debug|Any CPU
		{72B7FE27-CB24-43B0-929D-5D5F80CAE29D}.Debug|Any CPU.Build.0 = Debug|Any CPU
		{72B7FE27-CB24-43B0-929D-5D5F80CAE29D}.Release|Any CPU.ActiveCfg = Release|Any CPU
		{72B7FE27-CB24-43B0-929D-5D5F80CAE29D}.Release|Any CPU.Build.0 = Release|Any CPU
		{7860ABA0-FCA4-4900-853E-4854AFF6DF2F}.Debug|Any CPU.ActiveCfg = Debug|Any CPU
		{7860ABA0-FCA4-4900-853E-4854AFF6DF2F}.Debug|Any CPU.Build.0 = Debug|Any CPU
		{7860ABA0-FCA4-4900-853E-4854AFF6DF2F}.Release|Any CPU.ActiveCfg = Release|Any CPU
		{7860ABA0-FCA4-4900-853E-4854AFF6DF2F}.Release|Any CPU.Build.0 = Release|Any CPU
	EndGlobalSection
	GlobalSection(SolutionProperties) = preSolution
		HideSolutionNode = FALSE
	EndGlobalSection
	GlobalSection(ExtensibilityGlobals) = postSolution
		SolutionGuid = {DDD3A8D7-E17C-45F8-A31E-7177F7B245F3}
	EndGlobalSection
EndGlobal
